// !$*UTF8*$!
{
	archiveVersion = 1;
	classes = {
	};
	objectVersion = 60;
	objects = {

/* Begin PBXBuildFile section */
		660C49BA2C733652008ACB28 /* PaginationManager.swift in Sources */ = {isa = PBXBuildFile; fileRef = 660C49B92C733652008ACB28 /* PaginationManager.swift */; };
		660C49BC2C73366E008ACB28 /* PaginationState.swift in Sources */ = {isa = PBXBuildFile; fileRef = 660C49BB2C73366E008ACB28 /* PaginationState.swift */; };
		660C49BF2C734D4B008ACB28 /* Atomic.swift in Sources */ = {isa = PBXBuildFile; fileRef = 660C49BE2C734D4B008ACB28 /* Atomic.swift */; };
		660C49C12C734D58008ACB28 /* UnfairLock.swift in Sources */ = {isa = PBXBuildFile; fileRef = 660C49C02C734D58008ACB28 /* UnfairLock.swift */; };
		660C49C32C734D76008ACB28 /* NSLocking+Critical.swift in Sources */ = {isa = PBXBuildFile; fileRef = 660C49C22C734D76008ACB28 /* NSLocking+Critical.swift */; };
		660C49C62C736F3A008ACB28 /* AuthorizationURLProvider.swift in Sources */ = {isa = PBXBuildFile; fileRef = 660C49C52C736F3A008ACB28 /* AuthorizationURLProvider.swift */; };
		660C49C82C736F42008ACB28 /* AuthorizationURLProviderImpl.swift in Sources */ = {isa = PBXBuildFile; fileRef = 660C49C72C736F42008ACB28 /* AuthorizationURLProviderImpl.swift */; };
		660C49CA2C737053008ACB28 /* RepositoryHistoryCleaner.swift in Sources */ = {isa = PBXBuildFile; fileRef = 660C49C92C737053008ACB28 /* RepositoryHistoryCleaner.swift */; };
		660C49CC2C7370F9008ACB28 /* UserHistoryCleaner.swift in Sources */ = {isa = PBXBuildFile; fileRef = 660C49CB2C7370F9008ACB28 /* UserHistoryCleaner.swift */; };
		6687FB912C7331A1008D4670 /* UserRowView.swift in Sources */ = {isa = PBXBuildFile; fileRef = 6687FB902C7331A1008D4670 /* UserRowView.swift */; };
		66C7FA1E2C724D8100CEF262 /* APIConstants.swift in Sources */ = {isa = PBXBuildFile; fileRef = 66C7FA1D2C724D7E00CEF262 /* APIConstants.swift */; };
		66EA782B2C6F9326007DCFCA /* GittyApp.swift in Sources */ = {isa = PBXBuildFile; fileRef = 66EA782A2C6F9326007DCFCA /* GittyApp.swift */; };
		66EA782D2C6F9326007DCFCA /* ContentView.swift in Sources */ = {isa = PBXBuildFile; fileRef = 66EA782C2C6F9326007DCFCA /* ContentView.swift */; };
		66EA782F2C6F9327007DCFCA /* Assets.xcassets in Resources */ = {isa = PBXBuildFile; fileRef = 66EA782E2C6F9327007DCFCA /* Assets.xcassets */; };
		66EA78332C6F9327007DCFCA /* Preview Assets.xcassets in Resources */ = {isa = PBXBuildFile; fileRef = 66EA78322C6F9327007DCFCA /* Preview Assets.xcassets */; };
		66EA783D2C6F9327007DCFCA /* GittyTests.swift in Sources */ = {isa = PBXBuildFile; fileRef = 66EA783C2C6F9327007DCFCA /* GittyTests.swift */; };
		66EA78472C6F9327007DCFCA /* GittyUITests.swift in Sources */ = {isa = PBXBuildFile; fileRef = 66EA78462C6F9327007DCFCA /* GittyUITests.swift */; };
		66EA78492C6F9327007DCFCA /* GittyUITestsLaunchTests.swift in Sources */ = {isa = PBXBuildFile; fileRef = 66EA78482C6F9327007DCFCA /* GittyUITestsLaunchTests.swift */; };
		66EA78622C6FA0D0007DCFCA /* UserProfile.swift in Sources */ = {isa = PBXBuildFile; fileRef = 66EA78612C6FA0D0007DCFCA /* UserProfile.swift */; };
		66EA78642C6FA185007DCFCA /* RepositoryHistoryManager.swift in Sources */ = {isa = PBXBuildFile; fileRef = 66EA78632C6FA185007DCFCA /* RepositoryHistoryManager.swift */; };
		66EA78682C6FA1F6007DCFCA /* RepositoryHistoryProvider.swift in Sources */ = {isa = PBXBuildFile; fileRef = 66EA78672C6FA1F6007DCFCA /* RepositoryHistoryProvider.swift */; };
		66EA786C2C6FA23E007DCFCA /* RepositoriesView.swift in Sources */ = {isa = PBXBuildFile; fileRef = 66EA786B2C6FA23E007DCFCA /* RepositoriesView.swift */; };
		66EA78802C6FA4CB007DCFCA /* OAuthHandlerImpl.swift in Sources */ = {isa = PBXBuildFile; fileRef = 66EA787F2C6FA4CB007DCFCA /* OAuthHandlerImpl.swift */; };
		66EA78822C6FA51B007DCFCA /* Repository.swift in Sources */ = {isa = PBXBuildFile; fileRef = 66EA78812C6FA51B007DCFCA /* Repository.swift */; };
		66EA78842C6FA59D007DCFCA /* GetRepositoriesResponse.swift in Sources */ = {isa = PBXBuildFile; fileRef = 66EA78832C6FA59D007DCFCA /* GetRepositoriesResponse.swift */; };
		66EA78862C6FA856007DCFCA /* NetworkClientImpl.swift in Sources */ = {isa = PBXBuildFile; fileRef = 66EA78852C6FA856007DCFCA /* NetworkClientImpl.swift */; };
		66EA788E2C6FAF6B007DCFCA /* LoginView.swift in Sources */ = {isa = PBXBuildFile; fileRef = 66EA788D2C6FAF6B007DCFCA /* LoginView.swift */; };
		66EA78902C6FB42C007DCFCA /* OAuthTokenResponse.swift in Sources */ = {isa = PBXBuildFile; fileRef = 66EA788F2C6FB42C007DCFCA /* OAuthTokenResponse.swift */; };
		66EA78942C708C88007DCFCA /* RepositoryHistoryView.swift in Sources */ = {isa = PBXBuildFile; fileRef = 66EA78932C708C88007DCFCA /* RepositoryHistoryView.swift */; };
		66EA78962C708F4F007DCFCA /* UserHistoryProvider.swift in Sources */ = {isa = PBXBuildFile; fileRef = 66EA78952C708F4F007DCFCA /* UserHistoryProvider.swift */; };
		66EA789A2C708FCC007DCFCA /* UserHistoryView.swift in Sources */ = {isa = PBXBuildFile; fileRef = 66EA78992C708FCC007DCFCA /* UserHistoryView.swift */; };
		66EA789E2C70A53D007DCFCA /* UserRepositoriesView.swift in Sources */ = {isa = PBXBuildFile; fileRef = 66EA789D2C70A53D007DCFCA /* UserRepositoriesView.swift */; };
		66EA78A02C70A65E007DCFCA /* TabBarView.swift in Sources */ = {isa = PBXBuildFile; fileRef = 66EA789F2C70A65E007DCFCA /* TabBarView.swift */; };
		66EA78A22C70A66D007DCFCA /* UsersView.swift in Sources */ = {isa = PBXBuildFile; fileRef = 66EA78A12C70A66D007DCFCA /* UsersView.swift */; };
		66EA78A42C70AF33007DCFCA /* GetUsersResponse.swift in Sources */ = {isa = PBXBuildFile; fileRef = 66EA78A32C70AF33007DCFCA /* GetUsersResponse.swift */; };
		66EA78A62C70AFA3007DCFCA /* User.swift in Sources */ = {isa = PBXBuildFile; fileRef = 66EA78A52C70AFA3007DCFCA /* User.swift */; };
		66EA78A82C70CC33007DCFCA /* KeychainError.swift in Sources */ = {isa = PBXBuildFile; fileRef = 66EA78A72C70CC33007DCFCA /* KeychainError.swift */; };
		66EA78AA2C70CD38007DCFCA /* LoadingView.swift in Sources */ = {isa = PBXBuildFile; fileRef = 66EA78A92C70CD38007DCFCA /* LoadingView.swift */; };
		66EA78AC2C70CDC0007DCFCA /* AppStateManager.swift in Sources */ = {isa = PBXBuildFile; fileRef = 66EA78AB2C70CDC0007DCFCA /* AppStateManager.swift */; };
		66EA78AE2C70CDCA007DCFCA /* AppState.swift in Sources */ = {isa = PBXBuildFile; fileRef = 66EA78AD2C70CDCA007DCFCA /* AppState.swift */; };
		66EA78B02C7203F9007DCFCA /* RepositoriesViewModel.swift in Sources */ = {isa = PBXBuildFile; fileRef = 66EA78AF2C7203F9007DCFCA /* RepositoriesViewModel.swift */; };
		66EA78B22C72041C007DCFCA /* RepositoryRowView.swift in Sources */ = {isa = PBXBuildFile; fileRef = 66EA78B12C72041C007DCFCA /* RepositoryRowView.swift */; };
		66EA78B42C7206E2007DCFCA /* Injected.swift in Sources */ = {isa = PBXBuildFile; fileRef = 66EA78B32C7206E2007DCFCA /* Injected.swift */; };
		66EA78B62C7206ED007DCFCA /* DependencyContainer.swift in Sources */ = {isa = PBXBuildFile; fileRef = 66EA78B52C7206ED007DCFCA /* DependencyContainer.swift */; };
		66EA78B82C720C0D007DCFCA /* UsersViewModel.swift in Sources */ = {isa = PBXBuildFile; fileRef = 66EA78B72C720C0D007DCFCA /* UsersViewModel.swift */; };
		66EA78BA2C720ED7007DCFCA /* UserRepositoriesViewModel.swift in Sources */ = {isa = PBXBuildFile; fileRef = 66EA78B92C720ED7007DCFCA /* UserRepositoriesViewModel.swift */; };
		66EA78BC2C721AA9007DCFCA /* TokenValidatorImpl.swift in Sources */ = {isa = PBXBuildFile; fileRef = 66EA78BB2C721AA9007DCFCA /* TokenValidatorImpl.swift */; };
		66EA78BE2C721AAE007DCFCA /* AccessTokenProviderImpl.swift in Sources */ = {isa = PBXBuildFile; fileRef = 66EA78BD2C721AAE007DCFCA /* AccessTokenProviderImpl.swift */; };
		66EA78C02C721AB6007DCFCA /* UserProfileProviderImpl.swift in Sources */ = {isa = PBXBuildFile; fileRef = 66EA78BF2C721AB6007DCFCA /* UserProfileProviderImpl.swift */; };
		66EA78C22C721ABA007DCFCA /* UsersProviderImpl.swift in Sources */ = {isa = PBXBuildFile; fileRef = 66EA78C12C721ABA007DCFCA /* UsersProviderImpl.swift */; };
		66EA78C42C721AC0007DCFCA /* UserRepositoriesProviderImpl.swift in Sources */ = {isa = PBXBuildFile; fileRef = 66EA78C32C721AC0007DCFCA /* UserRepositoriesProviderImpl.swift */; };
		66EA78C62C721AC7007DCFCA /* RepositoriesProviderImpl.swift in Sources */ = {isa = PBXBuildFile; fileRef = 66EA78C52C721AC7007DCFCA /* RepositoriesProviderImpl.swift */; };
		66EA78C82C721B98007DCFCA /* SortOption.swift in Sources */ = {isa = PBXBuildFile; fileRef = 66EA78C72C721B98007DCFCA /* SortOption.swift */; };
		66EA78CA2C721B9C007DCFCA /* OrderKind.swift in Sources */ = {isa = PBXBuildFile; fileRef = 66EA78C92C721B9C007DCFCA /* OrderKind.swift */; };
		66EA78CC2C721BA6007DCFCA /* TokenValidator.swift in Sources */ = {isa = PBXBuildFile; fileRef = 66EA78CB2C721BA6007DCFCA /* TokenValidator.swift */; };
		66EA78CE2C721BAA007DCFCA /* AccessTokenProvider.swift in Sources */ = {isa = PBXBuildFile; fileRef = 66EA78CD2C721BAA007DCFCA /* AccessTokenProvider.swift */; };
		66EA78D02C721BAD007DCFCA /* UserProfileProvider.swift in Sources */ = {isa = PBXBuildFile; fileRef = 66EA78CF2C721BAD007DCFCA /* UserProfileProvider.swift */; };
		66EA78D22C721BB0007DCFCA /* UsersProvider.swift in Sources */ = {isa = PBXBuildFile; fileRef = 66EA78D12C721BB0007DCFCA /* UsersProvider.swift */; };
		66EA78D42C721BB3007DCFCA /* UserRepositoriesProvider.swift in Sources */ = {isa = PBXBuildFile; fileRef = 66EA78D32C721BB3007DCFCA /* UserRepositoriesProvider.swift */; };
		66EA78D62C721BB6007DCFCA /* RepositoriesProvider.swift in Sources */ = {isa = PBXBuildFile; fileRef = 66EA78D52C721BB6007DCFCA /* RepositoriesProvider.swift */; };
		66EA78D82C72211A007DCFCA /* UserHistoryManager.swift in Sources */ = {isa = PBXBuildFile; fileRef = 66EA78D72C72211A007DCFCA /* UserHistoryManager.swift */; };
		66EA78DF2C722275007DCFCA /* KeychainService.swift in Sources */ = {isa = PBXBuildFile; fileRef = 66EA78DE2C722275007DCFCA /* KeychainService.swift */; };
		66EA78E12C7222AB007DCFCA /* NetworkClient.swift in Sources */ = {isa = PBXBuildFile; fileRef = 66EA78E02C7222AB007DCFCA /* NetworkClient.swift */; };
		66EA78E82C72250A007DCFCA /* OAuthHandler.swift in Sources */ = {isa = PBXBuildFile; fileRef = 66EA78E72C72250A007DCFCA /* OAuthHandler.swift */; };
		66EA78ED2C722757007DCFCA /* User+Injection.swift in Sources */ = {isa = PBXBuildFile; fileRef = 66EA78EC2C722754007DCFCA /* User+Injection.swift */; };
		66EA78EF2C722803007DCFCA /* Repository+Injection.swift in Sources */ = {isa = PBXBuildFile; fileRef = 66EA78EE2C7227FE007DCFCA /* Repository+Injection.swift */; };
		66EA78F12C722817007DCFCA /* Authentication+Injection.swift in Sources */ = {isa = PBXBuildFile; fileRef = 66EA78F02C722814007DCFCA /* Authentication+Injection.swift */; };
		66EA78F42C7228FA007DCFCA /* History+Injection.swift in Sources */ = {isa = PBXBuildFile; fileRef = 66EA78F32C7228F4007DCFCA /* History+Injection.swift */; };
		66EA79052C7231B8007DCFCA /* ServiceRegistry.swift in Sources */ = {isa = PBXBuildFile; fileRef = 66EA79042C7231B0007DCFCA /* ServiceRegistry.swift */; };
		66EA79072C723C1E007DCFCA /* Network+Injection.swift in Sources */ = {isa = PBXBuildFile; fileRef = 66EA79062C723C19007DCFCA /* Network+Injection.swift */; };
		66EA790B2C723EA9007DCFCA /* HTTPMethod.swift in Sources */ = {isa = PBXBuildFile; fileRef = 66EA790A2C723EA8007DCFCA /* HTTPMethod.swift */; };
		66EA790D2C724018007DCFCA /* BaseURL.swift in Sources */ = {isa = PBXBuildFile; fileRef = 66EA790C2C724018007DCFCA /* BaseURL.swift */; };
		66EA790F2C724040007DCFCA /* NetworkError.swift in Sources */ = {isa = PBXBuildFile; fileRef = 66EA790E2C724040007DCFCA /* NetworkError.swift */; };
		66EF09802C747F6D00D2D23D /* KeychainServiceTests.swift in Sources */ = {isa = PBXBuildFile; fileRef = 66EF097F2C747F6D00D2D23D /* KeychainServiceTests.swift */; };
/* End PBXBuildFile section */

/* Begin PBXContainerItemProxy section */
		66EA78392C6F9327007DCFCA /* PBXContainerItemProxy */ = {
			isa = PBXContainerItemProxy;
			containerPortal = 66EA781F2C6F9326007DCFCA /* Project object */;
			proxyType = 1;
			remoteGlobalIDString = 66EA78262C6F9326007DCFCA;
			remoteInfo = Gitty;
		};
		66EA78432C6F9327007DCFCA /* PBXContainerItemProxy */ = {
			isa = PBXContainerItemProxy;
			containerPortal = 66EA781F2C6F9326007DCFCA /* Project object */;
			proxyType = 1;
			remoteGlobalIDString = 66EA78262C6F9326007DCFCA;
			remoteInfo = Gitty;
		};
/* End PBXContainerItemProxy section */

/* Begin PBXFileReference section */
		660C49B92C733652008ACB28 /* PaginationManager.swift */ = {isa = PBXFileReference; lastKnownFileType = sourcecode.swift; path = PaginationManager.swift; sourceTree = "<group>"; };
		660C49BB2C73366E008ACB28 /* PaginationState.swift */ = {isa = PBXFileReference; lastKnownFileType = sourcecode.swift; path = PaginationState.swift; sourceTree = "<group>"; };
		660C49BE2C734D4B008ACB28 /* Atomic.swift */ = {isa = PBXFileReference; lastKnownFileType = sourcecode.swift; path = Atomic.swift; sourceTree = "<group>"; };
		660C49C02C734D58008ACB28 /* UnfairLock.swift */ = {isa = PBXFileReference; lastKnownFileType = sourcecode.swift; path = UnfairLock.swift; sourceTree = "<group>"; };
		660C49C22C734D76008ACB28 /* NSLocking+Critical.swift */ = {isa = PBXFileReference; lastKnownFileType = sourcecode.swift; path = "NSLocking+Critical.swift"; sourceTree = "<group>"; };
		660C49C52C736F3A008ACB28 /* AuthorizationURLProvider.swift */ = {isa = PBXFileReference; lastKnownFileType = sourcecode.swift; path = AuthorizationURLProvider.swift; sourceTree = "<group>"; };
		660C49C72C736F42008ACB28 /* AuthorizationURLProviderImpl.swift */ = {isa = PBXFileReference; lastKnownFileType = sourcecode.swift; path = AuthorizationURLProviderImpl.swift; sourceTree = "<group>"; };
		660C49C92C737053008ACB28 /* RepositoryHistoryCleaner.swift */ = {isa = PBXFileReference; lastKnownFileType = sourcecode.swift; path = RepositoryHistoryCleaner.swift; sourceTree = "<group>"; };
		660C49CB2C7370F9008ACB28 /* UserHistoryCleaner.swift */ = {isa = PBXFileReference; lastKnownFileType = sourcecode.swift; path = UserHistoryCleaner.swift; sourceTree = "<group>"; };
		6687FB902C7331A1008D4670 /* UserRowView.swift */ = {isa = PBXFileReference; lastKnownFileType = sourcecode.swift; path = UserRowView.swift; sourceTree = "<group>"; };
		66C7FA1D2C724D7E00CEF262 /* APIConstants.swift */ = {isa = PBXFileReference; lastKnownFileType = sourcecode.swift; path = APIConstants.swift; sourceTree = "<group>"; };
		66EA78272C6F9326007DCFCA /* Gitty.app */ = {isa = PBXFileReference; explicitFileType = wrapper.application; includeInIndex = 0; path = Gitty.app; sourceTree = BUILT_PRODUCTS_DIR; };
		66EA782A2C6F9326007DCFCA /* GittyApp.swift */ = {isa = PBXFileReference; lastKnownFileType = sourcecode.swift; path = GittyApp.swift; sourceTree = "<group>"; };
		66EA782C2C6F9326007DCFCA /* ContentView.swift */ = {isa = PBXFileReference; lastKnownFileType = sourcecode.swift; path = ContentView.swift; sourceTree = "<group>"; };
		66EA782E2C6F9327007DCFCA /* Assets.xcassets */ = {isa = PBXFileReference; lastKnownFileType = folder.assetcatalog; path = Assets.xcassets; sourceTree = "<group>"; };
		66EA78302C6F9327007DCFCA /* Gitty.entitlements */ = {isa = PBXFileReference; lastKnownFileType = text.plist.entitlements; path = Gitty.entitlements; sourceTree = "<group>"; };
		66EA78322C6F9327007DCFCA /* Preview Assets.xcassets */ = {isa = PBXFileReference; lastKnownFileType = folder.assetcatalog; path = "Preview Assets.xcassets"; sourceTree = "<group>"; };
		66EA78382C6F9327007DCFCA /* GittyTests.xctest */ = {isa = PBXFileReference; explicitFileType = wrapper.cfbundle; includeInIndex = 0; path = GittyTests.xctest; sourceTree = BUILT_PRODUCTS_DIR; };
		66EA783C2C6F9327007DCFCA /* GittyTests.swift */ = {isa = PBXFileReference; lastKnownFileType = sourcecode.swift; path = GittyTests.swift; sourceTree = "<group>"; };
		66EA78422C6F9327007DCFCA /* GittyUITests.xctest */ = {isa = PBXFileReference; explicitFileType = wrapper.cfbundle; includeInIndex = 0; path = GittyUITests.xctest; sourceTree = BUILT_PRODUCTS_DIR; };
		66EA78462C6F9327007DCFCA /* GittyUITests.swift */ = {isa = PBXFileReference; lastKnownFileType = sourcecode.swift; path = GittyUITests.swift; sourceTree = "<group>"; };
		66EA78482C6F9327007DCFCA /* GittyUITestsLaunchTests.swift */ = {isa = PBXFileReference; lastKnownFileType = sourcecode.swift; path = GittyUITestsLaunchTests.swift; sourceTree = "<group>"; };
		66EA78552C6F9CE5007DCFCA /* Info.plist */ = {isa = PBXFileReference; lastKnownFileType = text.plist.xml; path = Info.plist; sourceTree = "<group>"; };
		66EA78612C6FA0D0007DCFCA /* UserProfile.swift */ = {isa = PBXFileReference; lastKnownFileType = sourcecode.swift; path = UserProfile.swift; sourceTree = "<group>"; };
		66EA78632C6FA185007DCFCA /* RepositoryHistoryManager.swift */ = {isa = PBXFileReference; lastKnownFileType = sourcecode.swift; path = RepositoryHistoryManager.swift; sourceTree = "<group>"; };
		66EA78672C6FA1F6007DCFCA /* RepositoryHistoryProvider.swift */ = {isa = PBXFileReference; lastKnownFileType = sourcecode.swift; path = RepositoryHistoryProvider.swift; sourceTree = "<group>"; };
		66EA786B2C6FA23E007DCFCA /* RepositoriesView.swift */ = {isa = PBXFileReference; lastKnownFileType = sourcecode.swift; path = RepositoriesView.swift; sourceTree = "<group>"; };
		66EA787F2C6FA4CB007DCFCA /* OAuthHandlerImpl.swift */ = {isa = PBXFileReference; lastKnownFileType = sourcecode.swift; path = OAuthHandlerImpl.swift; sourceTree = "<group>"; };
		66EA78812C6FA51B007DCFCA /* Repository.swift */ = {isa = PBXFileReference; lastKnownFileType = sourcecode.swift; path = Repository.swift; sourceTree = "<group>"; };
		66EA78832C6FA59D007DCFCA /* GetRepositoriesResponse.swift */ = {isa = PBXFileReference; lastKnownFileType = sourcecode.swift; path = GetRepositoriesResponse.swift; sourceTree = "<group>"; };
		66EA78852C6FA856007DCFCA /* NetworkClientImpl.swift */ = {isa = PBXFileReference; lastKnownFileType = sourcecode.swift; path = NetworkClientImpl.swift; sourceTree = "<group>"; };
		66EA788D2C6FAF6B007DCFCA /* LoginView.swift */ = {isa = PBXFileReference; lastKnownFileType = sourcecode.swift; path = LoginView.swift; sourceTree = "<group>"; };
		66EA788F2C6FB42C007DCFCA /* OAuthTokenResponse.swift */ = {isa = PBXFileReference; lastKnownFileType = sourcecode.swift; path = OAuthTokenResponse.swift; sourceTree = "<group>"; };
		66EA78932C708C88007DCFCA /* RepositoryHistoryView.swift */ = {isa = PBXFileReference; lastKnownFileType = sourcecode.swift; path = RepositoryHistoryView.swift; sourceTree = "<group>"; };
		66EA78952C708F4F007DCFCA /* UserHistoryProvider.swift */ = {isa = PBXFileReference; lastKnownFileType = sourcecode.swift; path = UserHistoryProvider.swift; sourceTree = "<group>"; };
		66EA78992C708FCC007DCFCA /* UserHistoryView.swift */ = {isa = PBXFileReference; lastKnownFileType = sourcecode.swift; path = UserHistoryView.swift; sourceTree = "<group>"; };
		66EA789D2C70A53D007DCFCA /* UserRepositoriesView.swift */ = {isa = PBXFileReference; lastKnownFileType = sourcecode.swift; path = UserRepositoriesView.swift; sourceTree = "<group>"; };
		66EA789F2C70A65E007DCFCA /* TabBarView.swift */ = {isa = PBXFileReference; lastKnownFileType = sourcecode.swift; path = TabBarView.swift; sourceTree = "<group>"; };
		66EA78A12C70A66D007DCFCA /* UsersView.swift */ = {isa = PBXFileReference; lastKnownFileType = sourcecode.swift; path = UsersView.swift; sourceTree = "<group>"; };
		66EA78A32C70AF33007DCFCA /* GetUsersResponse.swift */ = {isa = PBXFileReference; lastKnownFileType = sourcecode.swift; path = GetUsersResponse.swift; sourceTree = "<group>"; };
		66EA78A52C70AFA3007DCFCA /* User.swift */ = {isa = PBXFileReference; lastKnownFileType = sourcecode.swift; path = User.swift; sourceTree = "<group>"; };
		66EA78A72C70CC33007DCFCA /* KeychainError.swift */ = {isa = PBXFileReference; lastKnownFileType = sourcecode.swift; path = KeychainError.swift; sourceTree = "<group>"; };
		66EA78A92C70CD38007DCFCA /* LoadingView.swift */ = {isa = PBXFileReference; lastKnownFileType = sourcecode.swift; path = LoadingView.swift; sourceTree = "<group>"; };
		66EA78AB2C70CDC0007DCFCA /* AppStateManager.swift */ = {isa = PBXFileReference; lastKnownFileType = sourcecode.swift; path = AppStateManager.swift; sourceTree = "<group>"; };
		66EA78AD2C70CDCA007DCFCA /* AppState.swift */ = {isa = PBXFileReference; lastKnownFileType = sourcecode.swift; path = AppState.swift; sourceTree = "<group>"; };
		66EA78AF2C7203F9007DCFCA /* RepositoriesViewModel.swift */ = {isa = PBXFileReference; lastKnownFileType = sourcecode.swift; path = RepositoriesViewModel.swift; sourceTree = "<group>"; };
		66EA78B12C72041C007DCFCA /* RepositoryRowView.swift */ = {isa = PBXFileReference; lastKnownFileType = sourcecode.swift; path = RepositoryRowView.swift; sourceTree = "<group>"; };
		66EA78B32C7206E2007DCFCA /* Injected.swift */ = {isa = PBXFileReference; lastKnownFileType = sourcecode.swift; path = Injected.swift; sourceTree = "<group>"; };
		66EA78B52C7206ED007DCFCA /* DependencyContainer.swift */ = {isa = PBXFileReference; lastKnownFileType = sourcecode.swift; path = DependencyContainer.swift; sourceTree = "<group>"; };
		66EA78B72C720C0D007DCFCA /* UsersViewModel.swift */ = {isa = PBXFileReference; lastKnownFileType = sourcecode.swift; path = UsersViewModel.swift; sourceTree = "<group>"; };
		66EA78B92C720ED7007DCFCA /* UserRepositoriesViewModel.swift */ = {isa = PBXFileReference; lastKnownFileType = sourcecode.swift; path = UserRepositoriesViewModel.swift; sourceTree = "<group>"; };
		66EA78BB2C721AA9007DCFCA /* TokenValidatorImpl.swift */ = {isa = PBXFileReference; lastKnownFileType = sourcecode.swift; path = TokenValidatorImpl.swift; sourceTree = "<group>"; };
		66EA78BD2C721AAE007DCFCA /* AccessTokenProviderImpl.swift */ = {isa = PBXFileReference; lastKnownFileType = sourcecode.swift; path = AccessTokenProviderImpl.swift; sourceTree = "<group>"; };
		66EA78BF2C721AB6007DCFCA /* UserProfileProviderImpl.swift */ = {isa = PBXFileReference; lastKnownFileType = sourcecode.swift; path = UserProfileProviderImpl.swift; sourceTree = "<group>"; };
		66EA78C12C721ABA007DCFCA /* UsersProviderImpl.swift */ = {isa = PBXFileReference; lastKnownFileType = sourcecode.swift; path = UsersProviderImpl.swift; sourceTree = "<group>"; };
		66EA78C32C721AC0007DCFCA /* UserRepositoriesProviderImpl.swift */ = {isa = PBXFileReference; lastKnownFileType = sourcecode.swift; path = UserRepositoriesProviderImpl.swift; sourceTree = "<group>"; };
		66EA78C52C721AC7007DCFCA /* RepositoriesProviderImpl.swift */ = {isa = PBXFileReference; lastKnownFileType = sourcecode.swift; path = RepositoriesProviderImpl.swift; sourceTree = "<group>"; };
		66EA78C72C721B98007DCFCA /* SortOption.swift */ = {isa = PBXFileReference; lastKnownFileType = sourcecode.swift; path = SortOption.swift; sourceTree = "<group>"; };
		66EA78C92C721B9C007DCFCA /* OrderKind.swift */ = {isa = PBXFileReference; lastKnownFileType = sourcecode.swift; path = OrderKind.swift; sourceTree = "<group>"; };
		66EA78CB2C721BA6007DCFCA /* TokenValidator.swift */ = {isa = PBXFileReference; lastKnownFileType = sourcecode.swift; path = TokenValidator.swift; sourceTree = "<group>"; };
		66EA78CD2C721BAA007DCFCA /* AccessTokenProvider.swift */ = {isa = PBXFileReference; lastKnownFileType = sourcecode.swift; path = AccessTokenProvider.swift; sourceTree = "<group>"; };
		66EA78CF2C721BAD007DCFCA /* UserProfileProvider.swift */ = {isa = PBXFileReference; lastKnownFileType = sourcecode.swift; path = UserProfileProvider.swift; sourceTree = "<group>"; };
		66EA78D12C721BB0007DCFCA /* UsersProvider.swift */ = {isa = PBXFileReference; lastKnownFileType = sourcecode.swift; path = UsersProvider.swift; sourceTree = "<group>"; };
		66EA78D32C721BB3007DCFCA /* UserRepositoriesProvider.swift */ = {isa = PBXFileReference; lastKnownFileType = sourcecode.swift; path = UserRepositoriesProvider.swift; sourceTree = "<group>"; };
		66EA78D52C721BB6007DCFCA /* RepositoriesProvider.swift */ = {isa = PBXFileReference; lastKnownFileType = sourcecode.swift; path = RepositoriesProvider.swift; sourceTree = "<group>"; };
		66EA78D72C72211A007DCFCA /* UserHistoryManager.swift */ = {isa = PBXFileReference; lastKnownFileType = sourcecode.swift; path = UserHistoryManager.swift; sourceTree = "<group>"; };
		66EA78DE2C722275007DCFCA /* KeychainService.swift */ = {isa = PBXFileReference; lastKnownFileType = sourcecode.swift; path = KeychainService.swift; sourceTree = "<group>"; };
		66EA78E02C7222AB007DCFCA /* NetworkClient.swift */ = {isa = PBXFileReference; lastKnownFileType = sourcecode.swift; path = NetworkClient.swift; sourceTree = "<group>"; };
		66EA78E72C72250A007DCFCA /* OAuthHandler.swift */ = {isa = PBXFileReference; lastKnownFileType = sourcecode.swift; path = OAuthHandler.swift; sourceTree = "<group>"; };
		66EA78EC2C722754007DCFCA /* User+Injection.swift */ = {isa = PBXFileReference; lastKnownFileType = sourcecode.swift; path = "User+Injection.swift"; sourceTree = "<group>"; };
		66EA78EE2C7227FE007DCFCA /* Repository+Injection.swift */ = {isa = PBXFileReference; lastKnownFileType = sourcecode.swift; path = "Repository+Injection.swift"; sourceTree = "<group>"; };
		66EA78F02C722814007DCFCA /* Authentication+Injection.swift */ = {isa = PBXFileReference; lastKnownFileType = sourcecode.swift; path = "Authentication+Injection.swift"; sourceTree = "<group>"; };
		66EA78F32C7228F4007DCFCA /* History+Injection.swift */ = {isa = PBXFileReference; lastKnownFileType = sourcecode.swift; path = "History+Injection.swift"; sourceTree = "<group>"; };
		66EA79042C7231B0007DCFCA /* ServiceRegistry.swift */ = {isa = PBXFileReference; lastKnownFileType = sourcecode.swift; path = ServiceRegistry.swift; sourceTree = "<group>"; };
		66EA79062C723C19007DCFCA /* Network+Injection.swift */ = {isa = PBXFileReference; lastKnownFileType = sourcecode.swift; path = "Network+Injection.swift"; sourceTree = "<group>"; };
		66EA790A2C723EA8007DCFCA /* HTTPMethod.swift */ = {isa = PBXFileReference; lastKnownFileType = sourcecode.swift; path = HTTPMethod.swift; sourceTree = "<group>"; };
		66EA790C2C724018007DCFCA /* BaseURL.swift */ = {isa = PBXFileReference; lastKnownFileType = sourcecode.swift; path = BaseURL.swift; sourceTree = "<group>"; };
		66EA790E2C724040007DCFCA /* NetworkError.swift */ = {isa = PBXFileReference; lastKnownFileType = sourcecode.swift; path = NetworkError.swift; sourceTree = "<group>"; };
		66EF097F2C747F6D00D2D23D /* KeychainServiceTests.swift */ = {isa = PBXFileReference; lastKnownFileType = sourcecode.swift; path = KeychainServiceTests.swift; sourceTree = "<group>"; };
/* End PBXFileReference section */

/* Begin PBXFrameworksBuildPhase section */
		66EA78242C6F9326007DCFCA /* Frameworks */ = {
			isa = PBXFrameworksBuildPhase;
			buildActionMask = 2147483647;
			files = (
			);
			runOnlyForDeploymentPostprocessing = 0;
		};
		66EA78352C6F9327007DCFCA /* Frameworks */ = {
			isa = PBXFrameworksBuildPhase;
			buildActionMask = 2147483647;
			files = (
			);
			runOnlyForDeploymentPostprocessing = 0;
		};
		66EA783F2C6F9327007DCFCA /* Frameworks */ = {
			isa = PBXFrameworksBuildPhase;
			buildActionMask = 2147483647;
			files = (
			);
			runOnlyForDeploymentPostprocessing = 0;
		};
/* End PBXFrameworksBuildPhase section */

/* Begin PBXGroup section */
		660C49C42C736F2F008ACB28 /* AuthorizationURL */ = {
			isa = PBXGroup;
			children = (
				660C49C52C736F3A008ACB28 /* AuthorizationURLProvider.swift */,
				660C49C72C736F42008ACB28 /* AuthorizationURLProviderImpl.swift */,
			);
			path = AuthorizationURL;
			sourceTree = "<group>";
		};
		66C7FA1C2C724D7000CEF262 /* Utilities */ = {
			isa = PBXGroup;
			children = (
				66C7FA1D2C724D7E00CEF262 /* APIConstants.swift */,
				660C49BE2C734D4B008ACB28 /* Atomic.swift */,
				660C49C22C734D76008ACB28 /* NSLocking+Critical.swift */,
				660C49B92C733652008ACB28 /* PaginationManager.swift */,
				660C49BB2C73366E008ACB28 /* PaginationState.swift */,
				660C49C02C734D58008ACB28 /* UnfairLock.swift */,
			);
			path = Utilities;
			sourceTree = "<group>";
		};
		66C7FA2C2C72696F00CEF262 /* Models */ = {
			isa = PBXGroup;
			children = (
				66EA790C2C724018007DCFCA /* BaseURL.swift */,
				66EA790A2C723EA8007DCFCA /* HTTPMethod.swift */,
				66EA790E2C724040007DCFCA /* NetworkError.swift */,
			);
			path = Models;
			sourceTree = "<group>";
		};
		66C7FA302C726A1A00CEF262 /* OAuthHandler */ = {
			isa = PBXGroup;
			children = (
				66EA78E72C72250A007DCFCA /* OAuthHandler.swift */,
				66EA787F2C6FA4CB007DCFCA /* OAuthHandlerImpl.swift */,
				66EA788F2C6FB42C007DCFCA /* OAuthTokenResponse.swift */,
			);
			path = OAuthHandler;
			sourceTree = "<group>";
		};
		66C7FA312C726A2C00CEF262 /* TokenValidator */ = {
			isa = PBXGroup;
			children = (
				66EA78CB2C721BA6007DCFCA /* TokenValidator.swift */,
				66EA78BB2C721AA9007DCFCA /* TokenValidatorImpl.swift */,
			);
			path = TokenValidator;
			sourceTree = "<group>";
		};
		66C7FA322C726A3A00CEF262 /* AccessToken */ = {
			isa = PBXGroup;
			children = (
				66EA78CD2C721BAA007DCFCA /* AccessTokenProvider.swift */,
				66EA78BD2C721AAE007DCFCA /* AccessTokenProviderImpl.swift */,
			);
			path = AccessToken;
			sourceTree = "<group>";
		};
		66C7FA332C726A6800CEF262 /* UserRepositories */ = {
			isa = PBXGroup;
			children = (
				66EA78D32C721BB3007DCFCA /* UserRepositoriesProvider.swift */,
				66EA78C32C721AC0007DCFCA /* UserRepositoriesProviderImpl.swift */,
			);
			path = UserRepositories;
			sourceTree = "<group>";
		};
		66C7FA342C726A8300CEF262 /* User */ = {
			isa = PBXGroup;
			children = (
				66EA78CF2C721BAD007DCFCA /* UserProfileProvider.swift */,
				66EA78BF2C721AB6007DCFCA /* UserProfileProviderImpl.swift */,
				66EA78D12C721BB0007DCFCA /* UsersProvider.swift */,
				66EA78C12C721ABA007DCFCA /* UsersProviderImpl.swift */,
				66C7FA3A2C726C4700CEF262 /* Models */,
			);
			path = User;
			sourceTree = "<group>";
		};
		66C7FA352C726ABC00CEF262 /* Repositories */ = {
			isa = PBXGroup;
			children = (
				66C7FA382C726BC300CEF262 /* Models */,
				66EA78D52C721BB6007DCFCA /* RepositoriesProvider.swift */,
				66EA78C52C721AC7007DCFCA /* RepositoriesProviderImpl.swift */,
			);
			path = Repositories;
			sourceTree = "<group>";
		};
		66C7FA362C726B1A00CEF262 /* RepositoryHistory */ = {
			isa = PBXGroup;
			children = (
				660C49C92C737053008ACB28 /* RepositoryHistoryCleaner.swift */,
				66EA78632C6FA185007DCFCA /* RepositoryHistoryManager.swift */,
				66EA78672C6FA1F6007DCFCA /* RepositoryHistoryProvider.swift */,
			);
			path = RepositoryHistory;
			sourceTree = "<group>";
		};
		66C7FA372C726B2500CEF262 /* UserHistory */ = {
			isa = PBXGroup;
			children = (
				660C49CB2C7370F9008ACB28 /* UserHistoryCleaner.swift */,
				66EA78D72C72211A007DCFCA /* UserHistoryManager.swift */,
				66EA78952C708F4F007DCFCA /* UserHistoryProvider.swift */,
			);
			path = UserHistory;
			sourceTree = "<group>";
		};
		66C7FA382C726BC300CEF262 /* Models */ = {
			isa = PBXGroup;
			children = (
				66EA78C92C721B9C007DCFCA /* OrderKind.swift */,
				66EA78812C6FA51B007DCFCA /* Repository.swift */,
				66EA78C72C721B98007DCFCA /* SortOption.swift */,
				66C7FA392C726C2200CEF262 /* Responses */,
			);
			path = Models;
			sourceTree = "<group>";
		};
		66C7FA392C726C2200CEF262 /* Responses */ = {
			isa = PBXGroup;
			children = (
				66EA78832C6FA59D007DCFCA /* GetRepositoriesResponse.swift */,
			);
			path = Responses;
			sourceTree = "<group>";
		};
		66C7FA3A2C726C4700CEF262 /* Models */ = {
			isa = PBXGroup;
			children = (
				66C7FA3B2C726C5000CEF262 /* Responses */,
				66EA78A52C70AFA3007DCFCA /* User.swift */,
				66EA78612C6FA0D0007DCFCA /* UserProfile.swift */,
			);
			path = Models;
			sourceTree = "<group>";
		};
		66C7FA3B2C726C5000CEF262 /* Responses */ = {
			isa = PBXGroup;
			children = (
				66EA78A32C70AF33007DCFCA /* GetUsersResponse.swift */,
			);
			path = Responses;
			sourceTree = "<group>";
		};
		66C7FA3C2C726C9A00CEF262 /* NetworkClient */ = {
			isa = PBXGroup;
			children = (
				66EA78E02C7222AB007DCFCA /* NetworkClient.swift */,
				66EA78852C6FA856007DCFCA /* NetworkClientImpl.swift */,
			);
			path = NetworkClient;
			sourceTree = "<group>";
		};
		66EA781E2C6F9326007DCFCA = {
			isa = PBXGroup;
			children = (
				66EA78292C6F9326007DCFCA /* Gitty */,
				66EA783B2C6F9327007DCFCA /* GittyTests */,
				66EA78452C6F9327007DCFCA /* GittyUITests */,
				66EA78282C6F9326007DCFCA /* Products */,
			);
			sourceTree = "<group>";
		};
		66EA78282C6F9326007DCFCA /* Products */ = {
			isa = PBXGroup;
			children = (
				66EA78272C6F9326007DCFCA /* Gitty.app */,
				66EA78382C6F9327007DCFCA /* GittyTests.xctest */,
				66EA78422C6F9327007DCFCA /* GittyUITests.xctest */,
			);
			name = Products;
			sourceTree = "<group>";
		};
		66EA78292C6F9326007DCFCA /* Gitty */ = {
			isa = PBXGroup;
			children = (
				66EA78DA2C72220F007DCFCA /* App */,
				66EA78DB2C72223C007DCFCA /* Core */,
				66EA78E32C722357007DCFCA /* Resources */,
				66EA78D92C7221C4007DCFCA /* Services */,
				66EA785A2C6FA03C007DCFCA /* Modules */,
			);
			path = Gitty;
			sourceTree = "<group>";
		};
		66EA78312C6F9327007DCFCA /* Preview Content */ = {
			isa = PBXGroup;
			children = (
				66EA78322C6F9327007DCFCA /* Preview Assets.xcassets */,
			);
			path = "Preview Content";
			sourceTree = "<group>";
		};
		66EA783B2C6F9327007DCFCA /* GittyTests */ = {
			isa = PBXGroup;
			children = (
				66EF097F2C747F6D00D2D23D /* KeychainServiceTests.swift */,
				66EA783C2C6F9327007DCFCA /* GittyTests.swift */,
			);
			path = GittyTests;
			sourceTree = "<group>";
		};
		66EA78452C6F9327007DCFCA /* GittyUITests */ = {
			isa = PBXGroup;
			children = (
				66EA78462C6F9327007DCFCA /* GittyUITests.swift */,
				66EA78482C6F9327007DCFCA /* GittyUITestsLaunchTests.swift */,
			);
			path = GittyUITests;
			sourceTree = "<group>";
		};
		66EA785A2C6FA03C007DCFCA /* Modules */ = {
			isa = PBXGroup;
			children = (
				66EA79032C722D15007DCFCA /* Authentication */,
				66EA78F72C72297F007DCFCA /* Main */,
				66EA79002C722C05007DCFCA /* Repositories */,
				66EA79012C722C1C007DCFCA /* RepositoryHistory */,
				66EA78FF2C722BFE007DCFCA /* UserHistory */,
				66EA78FE2C722BCF007DCFCA /* UserRepositories */,
				66EA78F92C722992007DCFCA /* Users */,
			);
			path = Modules;
			sourceTree = "<group>";
		};
		66EA785E2C6FA07D007DCFCA /* Networking */ = {
			isa = PBXGroup;
			children = (
				66EA79062C723C19007DCFCA /* Network+Injection.swift */,
				66C7FA2C2C72696F00CEF262 /* Models */,
				66C7FA3C2C726C9A00CEF262 /* NetworkClient */,
			);
			path = Networking;
			sourceTree = "<group>";
		};
		66EA78D92C7221C4007DCFCA /* Services */ = {
			isa = PBXGroup;
			children = (
				66EA78EB2C72273D007DCFCA /* Authentication */,
				66EA78F22C7228D3007DCFCA /* History */,
				66EA78EA2C722728007DCFCA /* Repositories */,
				66EA78E92C7226E2007DCFCA /* User */,
			);
			path = Services;
			sourceTree = "<group>";
		};
		66EA78DA2C72220F007DCFCA /* App */ = {
			isa = PBXGroup;
			children = (
				66EA78AD2C70CDCA007DCFCA /* AppState.swift */,
				66EA78AB2C70CDC0007DCFCA /* AppStateManager.swift */,
				66EA782A2C6F9326007DCFCA /* GittyApp.swift */,
			);
			path = App;
			sourceTree = "<group>";
		};
		66EA78DB2C72223C007DCFCA /* Core */ = {
			isa = PBXGroup;
			children = (
				66EA78FA2C7229EB007DCFCA /* Dependency */,
				66EA785E2C6FA07D007DCFCA /* Networking */,
				66EA78DC2C722252007DCFCA /* Persistence */,
				66C7FA1C2C724D7000CEF262 /* Utilities */,
			);
			path = Core;
			sourceTree = "<group>";
		};
		66EA78DC2C722252007DCFCA /* Persistence */ = {
			isa = PBXGroup;
			children = (
				66EA78A72C70CC33007DCFCA /* KeychainError.swift */,
				66EA78DE2C722275007DCFCA /* KeychainService.swift */,
			);
			path = Persistence;
			sourceTree = "<group>";
		};
		66EA78E32C722357007DCFCA /* Resources */ = {
			isa = PBXGroup;
			children = (
				66EA78302C6F9327007DCFCA /* Gitty.entitlements */,
				66EA78552C6F9CE5007DCFCA /* Info.plist */,
				66EA782E2C6F9327007DCFCA /* Assets.xcassets */,
				66EA78312C6F9327007DCFCA /* Preview Content */,
			);
			path = Resources;
			sourceTree = "<group>";
		};
		66EA78E92C7226E2007DCFCA /* User */ = {
			isa = PBXGroup;
			children = (
				66EA78EC2C722754007DCFCA /* User+Injection.swift */,
				66C7FA342C726A8300CEF262 /* User */,
				66C7FA332C726A6800CEF262 /* UserRepositories */,
			);
			path = User;
			sourceTree = "<group>";
		};
		66EA78EA2C722728007DCFCA /* Repositories */ = {
			isa = PBXGroup;
			children = (
				66EA78EE2C7227FE007DCFCA /* Repository+Injection.swift */,
				66C7FA352C726ABC00CEF262 /* Repositories */,
			);
			path = Repositories;
			sourceTree = "<group>";
		};
		66EA78EB2C72273D007DCFCA /* Authentication */ = {
			isa = PBXGroup;
			children = (
				66EA78F02C722814007DCFCA /* Authentication+Injection.swift */,
				66C7FA322C726A3A00CEF262 /* AccessToken */,
				660C49C42C736F2F008ACB28 /* AuthorizationURL */,
				66C7FA302C726A1A00CEF262 /* OAuthHandler */,
				66C7FA312C726A2C00CEF262 /* TokenValidator */,
			);
			path = Authentication;
			sourceTree = "<group>";
		};
		66EA78F22C7228D3007DCFCA /* History */ = {
			isa = PBXGroup;
			children = (
				66EA78F32C7228F4007DCFCA /* History+Injection.swift */,
				66C7FA362C726B1A00CEF262 /* RepositoryHistory */,
				66C7FA372C726B2500CEF262 /* UserHistory */,
			);
			path = History;
			sourceTree = "<group>";
		};
		66EA78F72C72297F007DCFCA /* Main */ = {
			isa = PBXGroup;
			children = (
				66EA782C2C6F9326007DCFCA /* ContentView.swift */,
				66EA789F2C70A65E007DCFCA /* TabBarView.swift */,
			);
			path = Main;
			sourceTree = "<group>";
		};
		66EA78F92C722992007DCFCA /* Users */ = {
			isa = PBXGroup;
			children = (
				6687FB902C7331A1008D4670 /* UserRowView.swift */,
				66EA78A12C70A66D007DCFCA /* UsersView.swift */,
				66EA78B72C720C0D007DCFCA /* UsersViewModel.swift */,
			);
			path = Users;
			sourceTree = "<group>";
		};
		66EA78FA2C7229EB007DCFCA /* Dependency */ = {
			isa = PBXGroup;
			children = (
				66EA78B52C7206ED007DCFCA /* DependencyContainer.swift */,
				66EA78B32C7206E2007DCFCA /* Injected.swift */,
				66EA79042C7231B0007DCFCA /* ServiceRegistry.swift */,
			);
			path = Dependency;
			sourceTree = "<group>";
		};
		66EA78FE2C722BCF007DCFCA /* UserRepositories */ = {
			isa = PBXGroup;
			children = (
				66EA789D2C70A53D007DCFCA /* UserRepositoriesView.swift */,
				66EA78B92C720ED7007DCFCA /* UserRepositoriesViewModel.swift */,
			);
			path = UserRepositories;
			sourceTree = "<group>";
		};
		66EA78FF2C722BFE007DCFCA /* UserHistory */ = {
			isa = PBXGroup;
			children = (
				66EA78992C708FCC007DCFCA /* UserHistoryView.swift */,
			);
			path = UserHistory;
			sourceTree = "<group>";
		};
		66EA79002C722C05007DCFCA /* Repositories */ = {
			isa = PBXGroup;
			children = (
				66EA786B2C6FA23E007DCFCA /* RepositoriesView.swift */,
				66EA78AF2C7203F9007DCFCA /* RepositoriesViewModel.swift */,
				66EA78B12C72041C007DCFCA /* RepositoryRowView.swift */,
			);
			path = Repositories;
			sourceTree = "<group>";
		};
		66EA79012C722C1C007DCFCA /* RepositoryHistory */ = {
			isa = PBXGroup;
			children = (
				66EA78932C708C88007DCFCA /* RepositoryHistoryView.swift */,
			);
			path = RepositoryHistory;
			sourceTree = "<group>";
		};
		66EA79032C722D15007DCFCA /* Authentication */ = {
			isa = PBXGroup;
			children = (
				66EA78A92C70CD38007DCFCA /* LoadingView.swift */,
				66EA788D2C6FAF6B007DCFCA /* LoginView.swift */,
			);
			path = Authentication;
			sourceTree = "<group>";
		};
/* End PBXGroup section */

/* Begin PBXNativeTarget section */
		66EA78262C6F9326007DCFCA /* Gitty */ = {
			isa = PBXNativeTarget;
			buildConfigurationList = 66EA784C2C6F9327007DCFCA /* Build configuration list for PBXNativeTarget "Gitty" */;
			buildPhases = (
				66EA78232C6F9326007DCFCA /* Sources */,
				66EA78242C6F9326007DCFCA /* Frameworks */,
				66EA78252C6F9326007DCFCA /* Resources */,
			);
			buildRules = (
			);
			dependencies = (
			);
			name = Gitty;
			productName = Gitty;
			productReference = 66EA78272C6F9326007DCFCA /* Gitty.app */;
			productType = "com.apple.product-type.application";
		};
		66EA78372C6F9327007DCFCA /* GittyTests */ = {
			isa = PBXNativeTarget;
			buildConfigurationList = 66EA784F2C6F9327007DCFCA /* Build configuration list for PBXNativeTarget "GittyTests" */;
			buildPhases = (
				66EA78342C6F9327007DCFCA /* Sources */,
				66EA78352C6F9327007DCFCA /* Frameworks */,
				66EA78362C6F9327007DCFCA /* Resources */,
			);
			buildRules = (
			);
			dependencies = (
				66EA783A2C6F9327007DCFCA /* PBXTargetDependency */,
			);
			name = GittyTests;
			productName = GittyTests;
			productReference = 66EA78382C6F9327007DCFCA /* GittyTests.xctest */;
			productType = "com.apple.product-type.bundle.unit-test";
		};
		66EA78412C6F9327007DCFCA /* GittyUITests */ = {
			isa = PBXNativeTarget;
			buildConfigurationList = 66EA78522C6F9327007DCFCA /* Build configuration list for PBXNativeTarget "GittyUITests" */;
			buildPhases = (
				66EA783E2C6F9327007DCFCA /* Sources */,
				66EA783F2C6F9327007DCFCA /* Frameworks */,
				66EA78402C6F9327007DCFCA /* Resources */,
			);
			buildRules = (
			);
			dependencies = (
				66EA78442C6F9327007DCFCA /* PBXTargetDependency */,
			);
			name = GittyUITests;
			productName = GittyUITests;
			productReference = 66EA78422C6F9327007DCFCA /* GittyUITests.xctest */;
			productType = "com.apple.product-type.bundle.ui-testing";
		};
/* End PBXNativeTarget section */

/* Begin PBXProject section */
		66EA781F2C6F9326007DCFCA /* Project object */ = {
			isa = PBXProject;
			attributes = {
				BuildIndependentTargetsInParallel = 1;
				LastSwiftUpdateCheck = 1600;
				LastUpgradeCheck = 1600;
				TargetAttributes = {
					66EA78262C6F9326007DCFCA = {
						CreatedOnToolsVersion = 16.0;
					};
					66EA78372C6F9327007DCFCA = {
						CreatedOnToolsVersion = 16.0;
						TestTargetID = 66EA78262C6F9326007DCFCA;
					};
					66EA78412C6F9327007DCFCA = {
						CreatedOnToolsVersion = 16.0;
						TestTargetID = 66EA78262C6F9326007DCFCA;
					};
				};
			};
			buildConfigurationList = 66EA78222C6F9326007DCFCA /* Build configuration list for PBXProject "Gitty" */;
			compatibilityVersion = "Xcode 15.0";
			developmentRegion = en;
			hasScannedForEncodings = 0;
			knownRegions = (
				en,
				Base,
			);
			mainGroup = 66EA781E2C6F9326007DCFCA;
			productRefGroup = 66EA78282C6F9326007DCFCA /* Products */;
			projectDirPath = "";
			projectRoot = "";
			targets = (
				66EA78262C6F9326007DCFCA /* Gitty */,
				66EA78372C6F9327007DCFCA /* GittyTests */,
				66EA78412C6F9327007DCFCA /* GittyUITests */,
			);
		};
/* End PBXProject section */

/* Begin PBXResourcesBuildPhase section */
		66EA78252C6F9326007DCFCA /* Resources */ = {
			isa = PBXResourcesBuildPhase;
			buildActionMask = 2147483647;
			files = (
				66EA78332C6F9327007DCFCA /* Preview Assets.xcassets in Resources */,
				66EA782F2C6F9327007DCFCA /* Assets.xcassets in Resources */,
			);
			runOnlyForDeploymentPostprocessing = 0;
		};
		66EA78362C6F9327007DCFCA /* Resources */ = {
			isa = PBXResourcesBuildPhase;
			buildActionMask = 2147483647;
			files = (
			);
			runOnlyForDeploymentPostprocessing = 0;
		};
		66EA78402C6F9327007DCFCA /* Resources */ = {
			isa = PBXResourcesBuildPhase;
			buildActionMask = 2147483647;
			files = (
			);
			runOnlyForDeploymentPostprocessing = 0;
		};
/* End PBXResourcesBuildPhase section */

/* Begin PBXSourcesBuildPhase section */
		66EA78232C6F9326007DCFCA /* Sources */ = {
			isa = PBXSourcesBuildPhase;
			buildActionMask = 2147483647;
			files = (
				66EA78902C6FB42C007DCFCA /* OAuthTokenResponse.swift in Sources */,
				66EA78842C6FA59D007DCFCA /* GetRepositoriesResponse.swift in Sources */,
				66EA78E12C7222AB007DCFCA /* NetworkClient.swift in Sources */,
				66EA790B2C723EA9007DCFCA /* HTTPMethod.swift in Sources */,
				66EA78A02C70A65E007DCFCA /* TabBarView.swift in Sources */,
				66C7FA1E2C724D8100CEF262 /* APIConstants.swift in Sources */,
				66EA78822C6FA51B007DCFCA /* Repository.swift in Sources */,
				660C49BA2C733652008ACB28 /* PaginationManager.swift in Sources */,
				660C49C62C736F3A008ACB28 /* AuthorizationURLProvider.swift in Sources */,
				66EA78D82C72211A007DCFCA /* UserHistoryManager.swift in Sources */,
				66EA78CE2C721BAA007DCFCA /* AccessTokenProvider.swift in Sources */,
				66EA78A82C70CC33007DCFCA /* KeychainError.swift in Sources */,
				66EA78DF2C722275007DCFCA /* KeychainService.swift in Sources */,
				66EA78B22C72041C007DCFCA /* RepositoryRowView.swift in Sources */,
				66EA78622C6FA0D0007DCFCA /* UserProfile.swift in Sources */,
				66EA78642C6FA185007DCFCA /* RepositoryHistoryManager.swift in Sources */,
				66EA78A42C70AF33007DCFCA /* GetUsersResponse.swift in Sources */,
				660C49BC2C73366E008ACB28 /* PaginationState.swift in Sources */,
				66EA78D22C721BB0007DCFCA /* UsersProvider.swift in Sources */,
				66EA78C82C721B98007DCFCA /* SortOption.swift in Sources */,
				66EA789A2C708FCC007DCFCA /* UserHistoryView.swift in Sources */,
				660C49BF2C734D4B008ACB28 /* Atomic.swift in Sources */,
				66EA78AE2C70CDCA007DCFCA /* AppState.swift in Sources */,
				66EA790F2C724040007DCFCA /* NetworkError.swift in Sources */,
				66EA78C42C721AC0007DCFCA /* UserRepositoriesProviderImpl.swift in Sources */,
				66EA78942C708C88007DCFCA /* RepositoryHistoryView.swift in Sources */,
				66EA79052C7231B8007DCFCA /* ServiceRegistry.swift in Sources */,
				66EA782D2C6F9326007DCFCA /* ContentView.swift in Sources */,
				66EA78CC2C721BA6007DCFCA /* TokenValidator.swift in Sources */,
				66EA78CA2C721B9C007DCFCA /* OrderKind.swift in Sources */,
				66EA78D42C721BB3007DCFCA /* UserRepositoriesProvider.swift in Sources */,
				66EA78D62C721BB6007DCFCA /* RepositoriesProvider.swift in Sources */,
				66EA78C62C721AC7007DCFCA /* RepositoriesProviderImpl.swift in Sources */,
				6687FB912C7331A1008D4670 /* UserRowView.swift in Sources */,
				66EA78AC2C70CDC0007DCFCA /* AppStateManager.swift in Sources */,
				66EA78F42C7228FA007DCFCA /* History+Injection.swift in Sources */,
				66EA78B42C7206E2007DCFCA /* Injected.swift in Sources */,
				660C49C12C734D58008ACB28 /* UnfairLock.swift in Sources */,
				660C49C32C734D76008ACB28 /* NSLocking+Critical.swift in Sources */,
				66EA790D2C724018007DCFCA /* BaseURL.swift in Sources */,
				66EA78ED2C722757007DCFCA /* User+Injection.swift in Sources */,
				66EA78962C708F4F007DCFCA /* UserHistoryProvider.swift in Sources */,
				660C49C82C736F42008ACB28 /* AuthorizationURLProviderImpl.swift in Sources */,
				660C49CA2C737053008ACB28 /* RepositoryHistoryCleaner.swift in Sources */,
				66EA78E82C72250A007DCFCA /* OAuthHandler.swift in Sources */,
				66EA786C2C6FA23E007DCFCA /* RepositoriesView.swift in Sources */,
				66EA782B2C6F9326007DCFCA /* GittyApp.swift in Sources */,
				66EA78682C6FA1F6007DCFCA /* RepositoryHistoryProvider.swift in Sources */,
				66EA78BE2C721AAE007DCFCA /* AccessTokenProviderImpl.swift in Sources */,
				66EA78C22C721ABA007DCFCA /* UsersProviderImpl.swift in Sources */,
				66EA78A62C70AFA3007DCFCA /* User.swift in Sources */,
				66EA78AA2C70CD38007DCFCA /* LoadingView.swift in Sources */,
				66EA78F12C722817007DCFCA /* Authentication+Injection.swift in Sources */,
				66EA78802C6FA4CB007DCFCA /* OAuthHandlerImpl.swift in Sources */,
				66EA78C02C721AB6007DCFCA /* UserProfileProviderImpl.swift in Sources */,
				66EA78B02C7203F9007DCFCA /* RepositoriesViewModel.swift in Sources */,
				66EA78BA2C720ED7007DCFCA /* UserRepositoriesViewModel.swift in Sources */,
				66EA78B82C720C0D007DCFCA /* UsersViewModel.swift in Sources */,
				66EA78BC2C721AA9007DCFCA /* TokenValidatorImpl.swift in Sources */,
				66EA79072C723C1E007DCFCA /* Network+Injection.swift in Sources */,
				66EA78EF2C722803007DCFCA /* Repository+Injection.swift in Sources */,
				66EA788E2C6FAF6B007DCFCA /* LoginView.swift in Sources */,
				660C49CC2C7370F9008ACB28 /* UserHistoryCleaner.swift in Sources */,
				66EA78B62C7206ED007DCFCA /* DependencyContainer.swift in Sources */,
				66EA78862C6FA856007DCFCA /* NetworkClientImpl.swift in Sources */,
				66EA789E2C70A53D007DCFCA /* UserRepositoriesView.swift in Sources */,
				66EA78D02C721BAD007DCFCA /* UserProfileProvider.swift in Sources */,
				66EA78A22C70A66D007DCFCA /* UsersView.swift in Sources */,
			);
			runOnlyForDeploymentPostprocessing = 0;
		};
		66EA78342C6F9327007DCFCA /* Sources */ = {
			isa = PBXSourcesBuildPhase;
			buildActionMask = 2147483647;
			files = (
				66EF09802C747F6D00D2D23D /* KeychainServiceTests.swift in Sources */,
				66EA783D2C6F9327007DCFCA /* GittyTests.swift in Sources */,
			);
			runOnlyForDeploymentPostprocessing = 0;
		};
		66EA783E2C6F9327007DCFCA /* Sources */ = {
			isa = PBXSourcesBuildPhase;
			buildActionMask = 2147483647;
			files = (
				66EA78492C6F9327007DCFCA /* GittyUITestsLaunchTests.swift in Sources */,
				66EA78472C6F9327007DCFCA /* GittyUITests.swift in Sources */,
			);
			runOnlyForDeploymentPostprocessing = 0;
		};
/* End PBXSourcesBuildPhase section */

/* Begin PBXTargetDependency section */
		66EA783A2C6F9327007DCFCA /* PBXTargetDependency */ = {
			isa = PBXTargetDependency;
			target = 66EA78262C6F9326007DCFCA /* Gitty */;
			targetProxy = 66EA78392C6F9327007DCFCA /* PBXContainerItemProxy */;
		};
		66EA78442C6F9327007DCFCA /* PBXTargetDependency */ = {
			isa = PBXTargetDependency;
			target = 66EA78262C6F9326007DCFCA /* Gitty */;
			targetProxy = 66EA78432C6F9327007DCFCA /* PBXContainerItemProxy */;
		};
/* End PBXTargetDependency section */

/* Begin XCBuildConfiguration section */
		66EA784A2C6F9327007DCFCA /* Debug */ = {
			isa = XCBuildConfiguration;
			buildSettings = {
				ALWAYS_SEARCH_USER_PATHS = NO;
				ASSETCATALOG_COMPILER_GENERATE_SWIFT_ASSET_SYMBOL_EXTENSIONS = YES;
				CLANG_ANALYZER_NONNULL = YES;
				CLANG_ANALYZER_NUMBER_OBJECT_CONVERSION = YES_AGGRESSIVE;
				CLANG_CXX_LANGUAGE_STANDARD = "gnu++20";
				CLANG_ENABLE_MODULES = YES;
				CLANG_ENABLE_OBJC_ARC = YES;
				CLANG_ENABLE_OBJC_WEAK = YES;
				CLANG_WARN_BLOCK_CAPTURE_AUTORELEASING = YES;
				CLANG_WARN_BOOL_CONVERSION = YES;
				CLANG_WARN_COMMA = YES;
				CLANG_WARN_CONSTANT_CONVERSION = YES;
				CLANG_WARN_DEPRECATED_OBJC_IMPLEMENTATIONS = YES;
				CLANG_WARN_DIRECT_OBJC_ISA_USAGE = YES_ERROR;
				CLANG_WARN_DOCUMENTATION_COMMENTS = YES;
				CLANG_WARN_EMPTY_BODY = YES;
				CLANG_WARN_ENUM_CONVERSION = YES;
				CLANG_WARN_INFINITE_RECURSION = YES;
				CLANG_WARN_INT_CONVERSION = YES;
				CLANG_WARN_NON_LITERAL_NULL_CONVERSION = YES;
				CLANG_WARN_OBJC_IMPLICIT_RETAIN_SELF = YES;
				CLANG_WARN_OBJC_LITERAL_CONVERSION = YES;
				CLANG_WARN_OBJC_ROOT_CLASS = YES_ERROR;
				CLANG_WARN_QUOTED_INCLUDE_IN_FRAMEWORK_HEADER = YES;
				CLANG_WARN_RANGE_LOOP_ANALYSIS = YES;
				CLANG_WARN_STRICT_PROTOTYPES = YES;
				CLANG_WARN_SUSPICIOUS_MOVE = YES;
				CLANG_WARN_UNGUARDED_AVAILABILITY = YES_AGGRESSIVE;
				CLANG_WARN_UNREACHABLE_CODE = YES;
				CLANG_WARN__DUPLICATE_METHOD_MATCH = YES;
				COPY_PHASE_STRIP = NO;
				DEBUG_INFORMATION_FORMAT = dwarf;
				ENABLE_STRICT_OBJC_MSGSEND = YES;
				ENABLE_TESTABILITY = YES;
				ENABLE_USER_SCRIPT_SANDBOXING = YES;
				GCC_C_LANGUAGE_STANDARD = gnu17;
				GCC_DYNAMIC_NO_PIC = NO;
				GCC_NO_COMMON_BLOCKS = YES;
				GCC_OPTIMIZATION_LEVEL = 0;
				GCC_PREPROCESSOR_DEFINITIONS = (
					"DEBUG=1",
					"$(inherited)",
				);
				GCC_WARN_64_TO_32_BIT_CONVERSION = YES;
				GCC_WARN_ABOUT_RETURN_TYPE = YES_ERROR;
				GCC_WARN_UNDECLARED_SELECTOR = YES;
				GCC_WARN_UNINITIALIZED_AUTOS = YES_AGGRESSIVE;
				GCC_WARN_UNUSED_FUNCTION = YES;
				GCC_WARN_UNUSED_VARIABLE = YES;
				LOCALIZATION_PREFERS_STRING_CATALOGS = YES;
				MTL_ENABLE_DEBUG_INFO = INCLUDE_SOURCE;
				MTL_FAST_MATH = YES;
				ONLY_ACTIVE_ARCH = YES;
				SWIFT_ACTIVE_COMPILATION_CONDITIONS = "DEBUG $(inherited)";
				SWIFT_OPTIMIZATION_LEVEL = "-Onone";
			};
			name = Debug;
		};
		66EA784B2C6F9327007DCFCA /* Release */ = {
			isa = XCBuildConfiguration;
			buildSettings = {
				ALWAYS_SEARCH_USER_PATHS = NO;
				ASSETCATALOG_COMPILER_GENERATE_SWIFT_ASSET_SYMBOL_EXTENSIONS = YES;
				CLANG_ANALYZER_NONNULL = YES;
				CLANG_ANALYZER_NUMBER_OBJECT_CONVERSION = YES_AGGRESSIVE;
				CLANG_CXX_LANGUAGE_STANDARD = "gnu++20";
				CLANG_ENABLE_MODULES = YES;
				CLANG_ENABLE_OBJC_ARC = YES;
				CLANG_ENABLE_OBJC_WEAK = YES;
				CLANG_WARN_BLOCK_CAPTURE_AUTORELEASING = YES;
				CLANG_WARN_BOOL_CONVERSION = YES;
				CLANG_WARN_COMMA = YES;
				CLANG_WARN_CONSTANT_CONVERSION = YES;
				CLANG_WARN_DEPRECATED_OBJC_IMPLEMENTATIONS = YES;
				CLANG_WARN_DIRECT_OBJC_ISA_USAGE = YES_ERROR;
				CLANG_WARN_DOCUMENTATION_COMMENTS = YES;
				CLANG_WARN_EMPTY_BODY = YES;
				CLANG_WARN_ENUM_CONVERSION = YES;
				CLANG_WARN_INFINITE_RECURSION = YES;
				CLANG_WARN_INT_CONVERSION = YES;
				CLANG_WARN_NON_LITERAL_NULL_CONVERSION = YES;
				CLANG_WARN_OBJC_IMPLICIT_RETAIN_SELF = YES;
				CLANG_WARN_OBJC_LITERAL_CONVERSION = YES;
				CLANG_WARN_OBJC_ROOT_CLASS = YES_ERROR;
				CLANG_WARN_QUOTED_INCLUDE_IN_FRAMEWORK_HEADER = YES;
				CLANG_WARN_RANGE_LOOP_ANALYSIS = YES;
				CLANG_WARN_STRICT_PROTOTYPES = YES;
				CLANG_WARN_SUSPICIOUS_MOVE = YES;
				CLANG_WARN_UNGUARDED_AVAILABILITY = YES_AGGRESSIVE;
				CLANG_WARN_UNREACHABLE_CODE = YES;
				CLANG_WARN__DUPLICATE_METHOD_MATCH = YES;
				COPY_PHASE_STRIP = NO;
				DEBUG_INFORMATION_FORMAT = "dwarf-with-dsym";
				ENABLE_NS_ASSERTIONS = NO;
				ENABLE_STRICT_OBJC_MSGSEND = YES;
				ENABLE_USER_SCRIPT_SANDBOXING = YES;
				GCC_C_LANGUAGE_STANDARD = gnu17;
				GCC_NO_COMMON_BLOCKS = YES;
				GCC_WARN_64_TO_32_BIT_CONVERSION = YES;
				GCC_WARN_ABOUT_RETURN_TYPE = YES_ERROR;
				GCC_WARN_UNDECLARED_SELECTOR = YES;
				GCC_WARN_UNINITIALIZED_AUTOS = YES_AGGRESSIVE;
				GCC_WARN_UNUSED_FUNCTION = YES;
				GCC_WARN_UNUSED_VARIABLE = YES;
				LOCALIZATION_PREFERS_STRING_CATALOGS = YES;
				MTL_ENABLE_DEBUG_INFO = NO;
				MTL_FAST_MATH = YES;
				SWIFT_COMPILATION_MODE = wholemodule;
			};
			name = Release;
		};
		66EA784D2C6F9327007DCFCA /* Debug */ = {
			isa = XCBuildConfiguration;
			buildSettings = {
				ASSETCATALOG_COMPILER_APPICON_NAME = AppIcon;
				ASSETCATALOG_COMPILER_GLOBAL_ACCENT_COLOR_NAME = AccentColor;
				CODE_SIGN_ENTITLEMENTS = Gitty/Resources/Gitty.entitlements;
				CODE_SIGN_STYLE = Automatic;
				CURRENT_PROJECT_VERSION = 1;
				DEVELOPMENT_ASSET_PATHS = "\"Gitty/Resources/Preview Content\"";
				DEVELOPMENT_TEAM = H2GG6VBRM9;
				ENABLE_HARDENED_RUNTIME = YES;
				ENABLE_PREVIEWS = YES;
				GENERATE_INFOPLIST_FILE = YES;
				INFOPLIST_FILE = Gitty/Resources/Info.plist;
				"INFOPLIST_KEY_UIApplicationSceneManifest_Generation[sdk=iphoneos*]" = YES;
				"INFOPLIST_KEY_UIApplicationSceneManifest_Generation[sdk=iphonesimulator*]" = YES;
				"INFOPLIST_KEY_UIApplicationSupportsIndirectInputEvents[sdk=iphoneos*]" = YES;
				"INFOPLIST_KEY_UIApplicationSupportsIndirectInputEvents[sdk=iphonesimulator*]" = YES;
				"INFOPLIST_KEY_UILaunchScreen_Generation[sdk=iphoneos*]" = YES;
				"INFOPLIST_KEY_UILaunchScreen_Generation[sdk=iphonesimulator*]" = YES;
				"INFOPLIST_KEY_UIStatusBarStyle[sdk=iphoneos*]" = UIStatusBarStyleDefault;
				"INFOPLIST_KEY_UIStatusBarStyle[sdk=iphonesimulator*]" = UIStatusBarStyleDefault;
				INFOPLIST_KEY_UISupportedInterfaceOrientations_iPad = "UIInterfaceOrientationPortrait UIInterfaceOrientationPortraitUpsideDown UIInterfaceOrientationLandscapeLeft UIInterfaceOrientationLandscapeRight";
				INFOPLIST_KEY_UISupportedInterfaceOrientations_iPhone = "UIInterfaceOrientationPortrait UIInterfaceOrientationLandscapeLeft UIInterfaceOrientationLandscapeRight";
				IPHONEOS_DEPLOYMENT_TARGET = 15.0;
				LD_RUNPATH_SEARCH_PATHS = "@executable_path/Frameworks";
				"LD_RUNPATH_SEARCH_PATHS[sdk=macosx*]" = "@executable_path/../Frameworks";
				MACOSX_DEPLOYMENT_TARGET = 15.0;
				MARKETING_VERSION = 1.0;
				PRODUCT_BUNDLE_IDENTIFIER = kenesbekov.adam.Gitty;
				PRODUCT_NAME = "$(TARGET_NAME)";
				SDKROOT = auto;
				SUPPORTED_PLATFORMS = "iphoneos iphonesimulator";
				SUPPORTS_MACCATALYST = NO;
				SWIFT_EMIT_LOC_STRINGS = YES;
				SWIFT_VERSION = 6.0;
				TARGETED_DEVICE_FAMILY = 1;
				XROS_DEPLOYMENT_TARGET = 2.0;
			};
			name = Debug;
		};
		66EA784E2C6F9327007DCFCA /* Release */ = {
			isa = XCBuildConfiguration;
			buildSettings = {
				ASSETCATALOG_COMPILER_APPICON_NAME = AppIcon;
				ASSETCATALOG_COMPILER_GLOBAL_ACCENT_COLOR_NAME = AccentColor;
				CODE_SIGN_ENTITLEMENTS = Gitty/Resources/Gitty.entitlements;
				CODE_SIGN_STYLE = Automatic;
				CURRENT_PROJECT_VERSION = 1;
				DEVELOPMENT_ASSET_PATHS = "\"Gitty/Resources/Preview Content\"";
				DEVELOPMENT_TEAM = H2GG6VBRM9;
				ENABLE_HARDENED_RUNTIME = YES;
				ENABLE_PREVIEWS = YES;
				GENERATE_INFOPLIST_FILE = YES;
				INFOPLIST_FILE = Gitty/Resources/Info.plist;
				"INFOPLIST_KEY_UIApplicationSceneManifest_Generation[sdk=iphoneos*]" = YES;
				"INFOPLIST_KEY_UIApplicationSceneManifest_Generation[sdk=iphonesimulator*]" = YES;
				"INFOPLIST_KEY_UIApplicationSupportsIndirectInputEvents[sdk=iphoneos*]" = YES;
				"INFOPLIST_KEY_UIApplicationSupportsIndirectInputEvents[sdk=iphonesimulator*]" = YES;
				"INFOPLIST_KEY_UILaunchScreen_Generation[sdk=iphoneos*]" = YES;
				"INFOPLIST_KEY_UILaunchScreen_Generation[sdk=iphonesimulator*]" = YES;
				"INFOPLIST_KEY_UIStatusBarStyle[sdk=iphoneos*]" = UIStatusBarStyleDefault;
				"INFOPLIST_KEY_UIStatusBarStyle[sdk=iphonesimulator*]" = UIStatusBarStyleDefault;
				INFOPLIST_KEY_UISupportedInterfaceOrientations_iPad = "UIInterfaceOrientationPortrait UIInterfaceOrientationPortraitUpsideDown UIInterfaceOrientationLandscapeLeft UIInterfaceOrientationLandscapeRight";
				INFOPLIST_KEY_UISupportedInterfaceOrientations_iPhone = "UIInterfaceOrientationPortrait UIInterfaceOrientationLandscapeLeft UIInterfaceOrientationLandscapeRight";
				IPHONEOS_DEPLOYMENT_TARGET = 15.0;
				LD_RUNPATH_SEARCH_PATHS = "@executable_path/Frameworks";
				"LD_RUNPATH_SEARCH_PATHS[sdk=macosx*]" = "@executable_path/../Frameworks";
				MACOSX_DEPLOYMENT_TARGET = 15.0;
				MARKETING_VERSION = 1.0;
				PRODUCT_BUNDLE_IDENTIFIER = kenesbekov.adam.Gitty;
				PRODUCT_NAME = "$(TARGET_NAME)";
				SDKROOT = auto;
				SUPPORTED_PLATFORMS = "iphoneos iphonesimulator";
				SUPPORTS_MACCATALYST = NO;
				SWIFT_EMIT_LOC_STRINGS = YES;
				SWIFT_VERSION = 6.0;
				TARGETED_DEVICE_FAMILY = 1;
				XROS_DEPLOYMENT_TARGET = 2.0;
			};
			name = Release;
		};
		66EA78502C6F9327007DCFCA /* Debug */ = {
			isa = XCBuildConfiguration;
			buildSettings = {
				BUNDLE_LOADER = "$(TEST_HOST)";
				CODE_SIGN_STYLE = Automatic;
				CURRENT_PROJECT_VERSION = 1;
				DEVELOPMENT_TEAM = H2GG6VBRM9;
				GENERATE_INFOPLIST_FILE = YES;
				IPHONEOS_DEPLOYMENT_TARGET = 18.0;
				MACOSX_DEPLOYMENT_TARGET = 15.0;
				MARKETING_VERSION = 1.0;
				PRODUCT_BUNDLE_IDENTIFIER = kenesbekov.adam.GittyTests;
				PRODUCT_NAME = "$(TARGET_NAME)";
				SDKROOT = auto;
				SUPPORTED_PLATFORMS = "iphoneos iphonesimulator macosx xros xrsimulator";
				SWIFT_EMIT_LOC_STRINGS = NO;
				SWIFT_VERSION = 5.0;
				TARGETED_DEVICE_FAMILY = "1,2,7";
				TEST_HOST = "$(BUILT_PRODUCTS_DIR)/Gitty.app/$(BUNDLE_EXECUTABLE_FOLDER_PATH)/Gitty";
				XROS_DEPLOYMENT_TARGET = 2.0;
			};
			name = Debug;
		};
		66EA78512C6F9327007DCFCA /* Release */ = {
			isa = XCBuildConfiguration;
			buildSettings = {
				BUNDLE_LOADER = "$(TEST_HOST)";
				CODE_SIGN_STYLE = Automatic;
				CURRENT_PROJECT_VERSION = 1;
				DEVELOPMENT_TEAM = H2GG6VBRM9;
				GENERATE_INFOPLIST_FILE = YES;
				IPHONEOS_DEPLOYMENT_TARGET = 18.0;
				MACOSX_DEPLOYMENT_TARGET = 15.0;
				MARKETING_VERSION = 1.0;
				PRODUCT_BUNDLE_IDENTIFIER = kenesbekov.adam.GittyTests;
				PRODUCT_NAME = "$(TARGET_NAME)";
				SDKROOT = auto;
				SUPPORTED_PLATFORMS = "iphoneos iphonesimulator macosx xros xrsimulator";
				SWIFT_EMIT_LOC_STRINGS = NO;
				SWIFT_VERSION = 5.0;
				TARGETED_DEVICE_FAMILY = "1,2,7";
				TEST_HOST = "$(BUILT_PRODUCTS_DIR)/Gitty.app/$(BUNDLE_EXECUTABLE_FOLDER_PATH)/Gitty";
				XROS_DEPLOYMENT_TARGET = 2.0;
			};
			name = Release;
		};
		66EA78532C6F9327007DCFCA /* Debug */ = {
			isa = XCBuildConfiguration;
			buildSettings = {
				CODE_SIGN_STYLE = Automatic;
				CURRENT_PROJECT_VERSION = 1;
				DEVELOPMENT_TEAM = H2GG6VBRM9;
				GENERATE_INFOPLIST_FILE = YES;
				IPHONEOS_DEPLOYMENT_TARGET = 18.0;
				MACOSX_DEPLOYMENT_TARGET = 15.0;
				MARKETING_VERSION = 1.0;
				PRODUCT_BUNDLE_IDENTIFIER = kenesbekov.adam.GittyUITests;
				PRODUCT_NAME = "$(TARGET_NAME)";
				SDKROOT = auto;
				SUPPORTED_PLATFORMS = "iphoneos iphonesimulator macosx xros xrsimulator";
				SWIFT_EMIT_LOC_STRINGS = NO;
				SWIFT_VERSION = 5.0;
				TARGETED_DEVICE_FAMILY = "1,2,7";
				TEST_TARGET_NAME = Gitty;
				XROS_DEPLOYMENT_TARGET = 2.0;
			};
			name = Debug;
		};
		66EA78542C6F9327007DCFCA /* Release */ = {
			isa = XCBuildConfiguration;
			buildSettings = {
				CODE_SIGN_STYLE = Automatic;
				CURRENT_PROJECT_VERSION = 1;
				DEVELOPMENT_TEAM = H2GG6VBRM9;
				GENERATE_INFOPLIST_FILE = YES;
				IPHONEOS_DEPLOYMENT_TARGET = 18.0;
				MACOSX_DEPLOYMENT_TARGET = 15.0;
				MARKETING_VERSION = 1.0;
				PRODUCT_BUNDLE_IDENTIFIER = kenesbekov.adam.GittyUITests;
				PRODUCT_NAME = "$(TARGET_NAME)";
				SDKROOT = auto;
				SUPPORTED_PLATFORMS = "iphoneos iphonesimulator macosx xros xrsimulator";
				SWIFT_EMIT_LOC_STRINGS = NO;
				SWIFT_VERSION = 5.0;
				TARGETED_DEVICE_FAMILY = "1,2,7";
				TEST_TARGET_NAME = Gitty;
				XROS_DEPLOYMENT_TARGET = 2.0;
			};
			name = Release;
		};
/* End XCBuildConfiguration section */

/* Begin XCConfigurationList section */
		66EA78222C6F9326007DCFCA /* Build configuration list for PBXProject "Gitty" */ = {
			isa = XCConfigurationList;
			buildConfigurations = (
				66EA784A2C6F9327007DCFCA /* Debug */,
				66EA784B2C6F9327007DCFCA /* Release */,
			);
			defaultConfigurationIsVisible = 0;
			defaultConfigurationName = Release;
		};
		66EA784C2C6F9327007DCFCA /* Build configuration list for PBXNativeTarget "Gitty" */ = {
			isa = XCConfigurationList;
			buildConfigurations = (
				66EA784D2C6F9327007DCFCA /* Debug */,
				66EA784E2C6F9327007DCFCA /* Release */,
			);
			defaultConfigurationIsVisible = 0;
			defaultConfigurationName = Release;
		};
		66EA784F2C6F9327007DCFCA /* Build configuration list for PBXNativeTarget "GittyTests" */ = {
			isa = XCConfigurationList;
			buildConfigurations = (
				66EA78502C6F9327007DCFCA /* Debug */,
				66EA78512C6F9327007DCFCA /* Release */,
			);
			defaultConfigurationIsVisible = 0;
			defaultConfigurationName = Release;
		};
		66EA78522C6F9327007DCFCA /* Build configuration list for PBXNativeTarget "GittyUITests" */ = {
			isa = XCConfigurationList;
			buildConfigurations = (
				66EA78532C6F9327007DCFCA /* Debug */,
				66EA78542C6F9327007DCFCA /* Release */,
			);
			defaultConfigurationIsVisible = 0;
			defaultConfigurationName = Release;
		};
/* End XCConfigurationList section */
	};
	rootObject = 66EA781F2C6F9326007DCFCA /* Project object */;
}
